
Microsoft Visual Studio Solution File, Format Version 12.00
# Visual Studio Version 17
VisualStudioVersion = 17.6.33723.286
MinimumVisualStudioVersion = 10.0.40219.1
Project("{FAE04EC0-301F-11D3-BF4B-00C04F79EFBC}") = "FactoryPatternApp", "FactoryPatternApp\FactoryPatternApp.csproj", "{B4E5E47A-3E8F-4A40-9399-DB3199091E0C}"
EndProject
Global
	GlobalSection(SolutionConfigurationPlatforms) = preSolution
		Debug|Any CPU = Debug|Any CPU
		Release|Any CPU = Release|Any CPU
	EndGlobalSection
	GlobalSection(ProjectConfigurationPlatforms) = postSolution
		{B4E5E47A-3E8F-4A40-9399-DB3199091E0C}.Debug|Any CPU.ActiveCfg = Debug|Any CPU
		{B4E5E47A-3E8F-4A40-9399-DB3199091E0C}.Debug|Any CPU.Build.0 = Debug|Any CPU
		{B4E5E47A-3E8F-4A40-9399-DB3199091E0C}.Release|Any CPU.ActiveCfg = Release|Any CPU
		{B4E5E47A-3E8F-4A40-9399-DB3199091E0C}.Release|Any CPU.Build.0 = Release|Any CPU
	EndGlobalSection
	GlobalSection(SolutionProperties) = preSolution
		HideSolutionNode = FALSE
	EndGlobalSection
	GlobalSection(ExtensibilityGlobals) = postSolution
		SolutionGuid = {AB43A37E-05FD-473B-9FFB-0BAA48FEB798}
	EndGlobalSection
EndGlobal
